
Microsoft Visual Studio Solution File, Format Version 12.00
# Visual Studio 15
VisualStudioVersion = 15.0.28307.852
MinimumVisualStudioVersion = 10.0.40219.1
Project("{FAE04EC0-301F-11D3-BF4B-00C04F79EFBC}") = "dev-4_desktop", "dev-4_desktop\dev-4_desktop.csproj", "{EE03C348-765E-429C-9887-8BD0B12B8306}"
EndProject
Global
	GlobalSection(SolutionConfigurationPlatforms) = preSolution
		Debug|Any CPU = Debug|Any CPU
		Release|Any CPU = Release|Any CPU
	EndGlobalSection
	GlobalSection(ProjectConfigurationPlatforms) = postSolution
		{EE03C348-765E-429C-9887-8BD0B12B8306}.Debug|Any CPU.ActiveCfg = Debug|Any CPU
		{EE03C348-765E-429C-9887-8BD0B12B8306}.Debug|Any CPU.Build.0 = Debug|Any CPU
		{EE03C348-765E-429C-9887-8BD0B12B8306}.Release|Any CPU.ActiveCfg = Release|Any CPU
		{EE03C348-765E-429C-9887-8BD0B12B8306}.Release|Any CPU.Build.0 = Release|Any CPU
	EndGlobalSection
	GlobalSection(SolutionProperties) = preSolution
		HideSolutionNode = FALSE
	EndGlobalSection
	GlobalSection(ExtensibilityGlobals) = postSolution
		SolutionGuid = {50F5F6DA-7CCB-44BA-8840-AF6C9DAD6677}
	EndGlobalSection
EndGlobal
